
Microsoft Visual Studio Solution File, Format Version 12.00
# Visual Studio 15
VisualStudioVersion = 15.0.27428.2037
MinimumVisualStudioVersion = 10.0.40219.1
Project("{FAE04EC0-301F-11D3-BF4B-00C04F79EFBC}") = "Web", "Web\Web.csproj", "{0AE9884A-28AB-48EF-AF77-B58BBEB84CC0}"
EndProject
Global
	GlobalSection(SolutionConfigurationPlatforms) = preSolution
		Debug|Any CPU = Debug|Any CPU
		Release|Any CPU = Release|Any CPU
	EndGlobalSection
	GlobalSection(ProjectConfigurationPlatforms) = postSolution
		{0AE9884A-28AB-48EF-AF77-B58BBEB84CC0}.Debug|Any CPU.ActiveCfg = Debug|Any CPU
		{0AE9884A-28AB-48EF-AF77-B58BBEB84CC0}.Debug|Any CPU.Build.0 = Debug|Any CPU
		{0AE9884A-28AB-48EF-AF77-B58BBEB84CC0}.Release|Any CPU.ActiveCfg = Release|Any CPU
		{0AE9884A-28AB-48EF-AF77-B58BBEB84CC0}.Release|Any CPU.Build.0 = Release|Any CPU
	EndGlobalSection
	GlobalSection(SolutionProperties) = preSolution
		HideSolutionNode = FALSE
	EndGlobalSection
	GlobalSection(ExtensibilityGlobals) = postSolution
		SolutionGuid = {141787C9-7EE8-4929-A654-38B8B818F04E}
	EndGlobalSection
EndGlobal
